
Microsoft Visual Studio Solution File, Format Version 12.00
# Visual Studio 14
VisualStudioVersion = 14.0.24720.0
MinimumVisualStudioVersion = 10.0.40219.1
Project("{FAE04EC0-301F-11D3-BF4B-00C04F79EFBC}") = "KLOC", "KLOC\KLOC.csproj", "{65D550E2-F659-4BF9-8BA2-3E5C1B58A416}"
EndProject
Project("{FAE04EC0-301F-11D3-BF4B-00C04F79EFBC}") = "KlocTests", "KlocTests\KlocTests.csproj", "{007420E5-6DF4-42E6-90FF-BEA19BA856B8}"
EndProject
Global
	GlobalSection(SolutionConfigurationPlatforms) = preSolution
		Debug|Any CPU = Debug|Any CPU
		Release|Any CPU = Release|Any CPU
	EndGlobalSection
	GlobalSection(ProjectConfigurationPlatforms) = postSolution
		{65D550E2-F659-4BF9-8BA2-3E5C1B58A416}.Debug|Any CPU.ActiveCfg = Debug|Any CPU
		{65D550E2-F659-4BF9-8BA2-3E5C1B58A416}.Debug|Any CPU.Build.0 = Debug|Any CPU
		{65D550E2-F659-4BF9-8BA2-3E5C1B58A416}.Release|Any CPU.ActiveCfg = Release|Any CPU
		{65D550E2-F659-4BF9-8BA2-3E5C1B58A416}.Release|Any CPU.Build.0 = Release|Any CPU
		{007420E5-6DF4-42E6-90FF-BEA19BA856B8}.Debug|Any CPU.ActiveCfg = Debug|Any CPU
		{007420E5-6DF4-42E6-90FF-BEA19BA856B8}.Debug|Any CPU.Build.0 = Debug|Any CPU
		{007420E5-6DF4-42E6-90FF-BEA19BA856B8}.Release|Any CPU.ActiveCfg = Release|Any CPU
		{007420E5-6DF4-42E6-90FF-BEA19BA856B8}.Release|Any CPU.Build.0 = Release|Any CPU
	EndGlobalSection
	GlobalSection(SolutionProperties) = preSolution
		HideSolutionNode = FALSE
	EndGlobalSection
EndGlobal
